
Microsoft Visual Studio Solution File, Format Version 12.00
# Visual Studio Version 17
VisualStudioVersion = 17.8.34227.203
MinimumVisualStudioVersion = 10.0.40219.1
Project("{FAE04EC0-301F-11D3-BF4B-00C04F79EFBC}") = "1_trebuchet", "1_trebuchet.csproj", "{A479A93D-A27A-4F23-99F0-A523A896732E}"
EndProject
Global
	GlobalSection(SolutionConfigurationPlatforms) = preSolution
		Debug|Any CPU = Debug|Any CPU
		Release|Any CPU = Release|Any CPU
	EndGlobalSection
	GlobalSection(ProjectConfigurationPlatforms) = postSolution
		{A479A93D-A27A-4F23-99F0-A523A896732E}.Debug|Any CPU.ActiveCfg = Debug|Any CPU
		{A479A93D-A27A-4F23-99F0-A523A896732E}.Debug|Any CPU.Build.0 = Debug|Any CPU
		{A479A93D-A27A-4F23-99F0-A523A896732E}.Release|Any CPU.ActiveCfg = Release|Any CPU
		{A479A93D-A27A-4F23-99F0-A523A896732E}.Release|Any CPU.Build.0 = Release|Any CPU
	EndGlobalSection
	GlobalSection(SolutionProperties) = preSolution
		HideSolutionNode = FALSE
	EndGlobalSection
	GlobalSection(ExtensibilityGlobals) = postSolution
		SolutionGuid = {2102104F-A6E1-4EC4-B148-28371905DD0C}
	EndGlobalSection
EndGlobal
