
Microsoft Visual Studio Solution File, Format Version 12.00
# Visual Studio Version 17
VisualStudioVersion = 17.8.34227.203
MinimumVisualStudioVersion = 10.0.40219.1
Project("{9A19103F-16F7-4668-BE54-9A1E7A4F7556}") = "1_trebuchet", "1_trebuchet\1_trebuchet.csproj", "{EBFC282D-B682-4192-8E6D-1892733665E3}"
EndProject
Project("{FAE04EC0-301F-11D3-BF4B-00C04F79EFBC}") = "2_cube_conundrum", "2_cube_conundrum\2_cube_conundrum.csproj", "{8468B482-EF5B-4035-9104-57261A8D5B81}"
EndProject
Global
	GlobalSection(SolutionConfigurationPlatforms) = preSolution
		Debug|Any CPU = Debug|Any CPU
		Release|Any CPU = Release|Any CPU
	EndGlobalSection
	GlobalSection(ProjectConfigurationPlatforms) = postSolution
		{EBFC282D-B682-4192-8E6D-1892733665E3}.Debug|Any CPU.ActiveCfg = Debug|Any CPU
		{EBFC282D-B682-4192-8E6D-1892733665E3}.Debug|Any CPU.Build.0 = Debug|Any CPU
		{EBFC282D-B682-4192-8E6D-1892733665E3}.Release|Any CPU.ActiveCfg = Release|Any CPU
		{EBFC282D-B682-4192-8E6D-1892733665E3}.Release|Any CPU.Build.0 = Release|Any CPU
		{8468B482-EF5B-4035-9104-57261A8D5B81}.Debug|Any CPU.ActiveCfg = Debug|Any CPU
		{8468B482-EF5B-4035-9104-57261A8D5B81}.Debug|Any CPU.Build.0 = Debug|Any CPU
		{8468B482-EF5B-4035-9104-57261A8D5B81}.Release|Any CPU.ActiveCfg = Release|Any CPU
		{8468B482-EF5B-4035-9104-57261A8D5B81}.Release|Any CPU.Build.0 = Release|Any CPU
	EndGlobalSection
	GlobalSection(SolutionProperties) = preSolution
		HideSolutionNode = FALSE
	EndGlobalSection
	GlobalSection(ExtensibilityGlobals) = postSolution
		SolutionGuid = {0BB745CC-3DC9-4508-88D5-E5B41428CC09}
	EndGlobalSection
EndGlobal
