
Microsoft Visual Studio Solution File, Format Version 12.00
# Visual Studio Version 17
VisualStudioVersion = 17.8.34227.203
MinimumVisualStudioVersion = 10.0.40219.1
Project("{9A19103F-16F7-4668-BE54-9A1E7A4F7556}") = "1_trebuchet", "1_trebuchet\1_trebuchet.csproj", "{EBFC282D-B682-4192-8E6D-1892733665E3}"
EndProject
Project("{9A19103F-16F7-4668-BE54-9A1E7A4F7556}") = "2_cube_conundrum", "2_cube_conundrum\2_cube_conundrum.csproj", "{8468B482-EF5B-4035-9104-57261A8D5B81}"
EndProject
Project("{9A19103F-16F7-4668-BE54-9A1E7A4F7556}") = "3_gear_ratios", "3_gear_ratios\3_gear_ratios.csproj", "{AF6D9CF6-A9AF-4845-A0DC-719512FECC9C}"
EndProject
Project("{9A19103F-16F7-4668-BE54-9A1E7A4F7556}") = "4_scratchcards", "4_scratchcards\4_scratchcards.csproj", "{D5A40830-7D5A-434D-9C09-98E2D85D86AB}"
EndProject
Project("{9A19103F-16F7-4668-BE54-9A1E7A4F7556}") = "5_star_fertilizer", "5_star_fertilizer\5_star_fertilizer.csproj", "{27FEA3AD-8BFC-41B0-A6B2-58EB3CB06EF5}"
EndProject
Project("{FAE04EC0-301F-11D3-BF4B-00C04F79EFBC}") = "6_wait_for_it", "6_wait_for_it\6_wait_for_it.csproj", "{785D23FD-82AE-4216-BB6B-B049B8CCA45E}"
EndProject
Global
	GlobalSection(SolutionConfigurationPlatforms) = preSolution
		Debug|Any CPU = Debug|Any CPU
		Release|Any CPU = Release|Any CPU
	EndGlobalSection
	GlobalSection(ProjectConfigurationPlatforms) = postSolution
		{EBFC282D-B682-4192-8E6D-1892733665E3}.Debug|Any CPU.ActiveCfg = Debug|Any CPU
		{EBFC282D-B682-4192-8E6D-1892733665E3}.Debug|Any CPU.Build.0 = Debug|Any CPU
		{EBFC282D-B682-4192-8E6D-1892733665E3}.Release|Any CPU.ActiveCfg = Release|Any CPU
		{EBFC282D-B682-4192-8E6D-1892733665E3}.Release|Any CPU.Build.0 = Release|Any CPU
		{8468B482-EF5B-4035-9104-57261A8D5B81}.Debug|Any CPU.ActiveCfg = Debug|Any CPU
		{8468B482-EF5B-4035-9104-57261A8D5B81}.Debug|Any CPU.Build.0 = Debug|Any CPU
		{8468B482-EF5B-4035-9104-57261A8D5B81}.Release|Any CPU.ActiveCfg = Release|Any CPU
		{8468B482-EF5B-4035-9104-57261A8D5B81}.Release|Any CPU.Build.0 = Release|Any CPU
		{AF6D9CF6-A9AF-4845-A0DC-719512FECC9C}.Debug|Any CPU.ActiveCfg = Debug|Any CPU
		{AF6D9CF6-A9AF-4845-A0DC-719512FECC9C}.Debug|Any CPU.Build.0 = Debug|Any CPU
		{AF6D9CF6-A9AF-4845-A0DC-719512FECC9C}.Release|Any CPU.ActiveCfg = Release|Any CPU
		{AF6D9CF6-A9AF-4845-A0DC-719512FECC9C}.Release|Any CPU.Build.0 = Release|Any CPU
		{D5A40830-7D5A-434D-9C09-98E2D85D86AB}.Debug|Any CPU.ActiveCfg = Debug|Any CPU
		{D5A40830-7D5A-434D-9C09-98E2D85D86AB}.Debug|Any CPU.Build.0 = Debug|Any CPU
		{D5A40830-7D5A-434D-9C09-98E2D85D86AB}.Release|Any CPU.ActiveCfg = Release|Any CPU
		{D5A40830-7D5A-434D-9C09-98E2D85D86AB}.Release|Any CPU.Build.0 = Release|Any CPU
		{27FEA3AD-8BFC-41B0-A6B2-58EB3CB06EF5}.Debug|Any CPU.ActiveCfg = Debug|Any CPU
		{27FEA3AD-8BFC-41B0-A6B2-58EB3CB06EF5}.Debug|Any CPU.Build.0 = Debug|Any CPU
		{27FEA3AD-8BFC-41B0-A6B2-58EB3CB06EF5}.Release|Any CPU.ActiveCfg = Release|Any CPU
		{27FEA3AD-8BFC-41B0-A6B2-58EB3CB06EF5}.Release|Any CPU.Build.0 = Release|Any CPU
		{785D23FD-82AE-4216-BB6B-B049B8CCA45E}.Debug|Any CPU.ActiveCfg = Debug|Any CPU
		{785D23FD-82AE-4216-BB6B-B049B8CCA45E}.Debug|Any CPU.Build.0 = Debug|Any CPU
		{785D23FD-82AE-4216-BB6B-B049B8CCA45E}.Release|Any CPU.ActiveCfg = Release|Any CPU
		{785D23FD-82AE-4216-BB6B-B049B8CCA45E}.Release|Any CPU.Build.0 = Release|Any CPU
	EndGlobalSection
	GlobalSection(SolutionProperties) = preSolution
		HideSolutionNode = FALSE
	EndGlobalSection
	GlobalSection(ExtensibilityGlobals) = postSolution
		SolutionGuid = {0BB745CC-3DC9-4508-88D5-E5B41428CC09}
	EndGlobalSection
EndGlobal
